
Microsoft Visual Studio Solution File, Format Version 12.00
# Visual Studio Version 17
VisualStudioVersion = 17.11.35327.3
MinimumVisualStudioVersion = 10.0.40219.1
Project("{FAE04EC0-301F-11D3-BF4B-00C04F79EFBC}") = "Practic_Work_Module_11", "Practic_Work_Module_11\Practic_Work_Module_11.csproj", "{E876C426-3EDA-44B3-AE35-233D821C6267}"
EndProject
Global
	GlobalSection(SolutionConfigurationPlatforms) = preSolution
		Debug|Any CPU = Debug|Any CPU
		Release|Any CPU = Release|Any CPU
	EndGlobalSection
	GlobalSection(ProjectConfigurationPlatforms) = postSolution
		{E876C426-3EDA-44B3-AE35-233D821C6267}.Debug|Any CPU.ActiveCfg = Debug|Any CPU
		{E876C426-3EDA-44B3-AE35-233D821C6267}.Debug|Any CPU.Build.0 = Debug|Any CPU
		{E876C426-3EDA-44B3-AE35-233D821C6267}.Release|Any CPU.ActiveCfg = Release|Any CPU
		{E876C426-3EDA-44B3-AE35-233D821C6267}.Release|Any CPU.Build.0 = Release|Any CPU
	EndGlobalSection
	GlobalSection(SolutionProperties) = preSolution
		HideSolutionNode = FALSE
	EndGlobalSection
	GlobalSection(ExtensibilityGlobals) = postSolution
		SolutionGuid = {ABC00BB2-2046-45F4-8158-221F98BD8045}
	EndGlobalSection
EndGlobal
